
Microsoft Visual Studio Solution File, Format Version 12.00
# Visual Studio Version 17
VisualStudioVersion = 17.9.34622.214
MinimumVisualStudioVersion = 10.0.40219.1
Project("{FAE04EC0-301F-11D3-BF4B-00C04F79EFBC}") = "Builder", "Builder\Builder.csproj", "{C0725183-9EAB-4997-AD80-80AA8D5423CE}"
EndProject
Project("{FAE04EC0-301F-11D3-BF4B-00C04F79EFBC}") = "BuilderClassLibrary", "BuilderClassLibrary\BuilderClassLibrary.csproj", "{13C40F14-E5BD-4CC6-ABEE-74B017A11D60}"
EndProject
Global
	GlobalSection(SolutionConfigurationPlatforms) = preSolution
		Debug|Any CPU = Debug|Any CPU
		Release|Any CPU = Release|Any CPU
	EndGlobalSection
	GlobalSection(ProjectConfigurationPlatforms) = postSolution
		{C0725183-9EAB-4997-AD80-80AA8D5423CE}.Debug|Any CPU.ActiveCfg = Debug|Any CPU
		{C0725183-9EAB-4997-AD80-80AA8D5423CE}.Debug|Any CPU.Build.0 = Debug|Any CPU
		{C0725183-9EAB-4997-AD80-80AA8D5423CE}.Release|Any CPU.ActiveCfg = Release|Any CPU
		{C0725183-9EAB-4997-AD80-80AA8D5423CE}.Release|Any CPU.Build.0 = Release|Any CPU
		{13C40F14-E5BD-4CC6-ABEE-74B017A11D60}.Debug|Any CPU.ActiveCfg = Debug|Any CPU
		{13C40F14-E5BD-4CC6-ABEE-74B017A11D60}.Debug|Any CPU.Build.0 = Debug|Any CPU
		{13C40F14-E5BD-4CC6-ABEE-74B017A11D60}.Release|Any CPU.ActiveCfg = Release|Any CPU
		{13C40F14-E5BD-4CC6-ABEE-74B017A11D60}.Release|Any CPU.Build.0 = Release|Any CPU
	EndGlobalSection
	GlobalSection(SolutionProperties) = preSolution
		HideSolutionNode = FALSE
	EndGlobalSection
	GlobalSection(ExtensibilityGlobals) = postSolution
		SolutionGuid = {FC54CEC4-A095-46BE-8266-8975D0A4004F}
	EndGlobalSection
EndGlobal
