
Microsoft Visual Studio Solution File, Format Version 12.00
# Visual Studio Version 17
VisualStudioVersion = 17.9.34622.214
MinimumVisualStudioVersion = 10.0.40219.1
Project("{FAE04EC0-301F-11D3-BF4B-00C04F79EFBC}") = "Memento", "Memento\Memento.csproj", "{CAB4E4A7-2888-4325-8F75-0464E09EB36E}"
EndProject
Project("{FAE04EC0-301F-11D3-BF4B-00C04F79EFBC}") = "MementoClassLIbrary", "MementoClassLIbrary\MementoClassLIbrary.csproj", "{3D2BD3A0-D945-4A43-A000-453A6DA725AB}"
EndProject
Global
	GlobalSection(SolutionConfigurationPlatforms) = preSolution
		Debug|Any CPU = Debug|Any CPU
		Release|Any CPU = Release|Any CPU
	EndGlobalSection
	GlobalSection(ProjectConfigurationPlatforms) = postSolution
		{CAB4E4A7-2888-4325-8F75-0464E09EB36E}.Debug|Any CPU.ActiveCfg = Debug|Any CPU
		{CAB4E4A7-2888-4325-8F75-0464E09EB36E}.Debug|Any CPU.Build.0 = Debug|Any CPU
		{CAB4E4A7-2888-4325-8F75-0464E09EB36E}.Release|Any CPU.ActiveCfg = Release|Any CPU
		{CAB4E4A7-2888-4325-8F75-0464E09EB36E}.Release|Any CPU.Build.0 = Release|Any CPU
		{3D2BD3A0-D945-4A43-A000-453A6DA725AB}.Debug|Any CPU.ActiveCfg = Debug|Any CPU
		{3D2BD3A0-D945-4A43-A000-453A6DA725AB}.Debug|Any CPU.Build.0 = Debug|Any CPU
		{3D2BD3A0-D945-4A43-A000-453A6DA725AB}.Release|Any CPU.ActiveCfg = Release|Any CPU
		{3D2BD3A0-D945-4A43-A000-453A6DA725AB}.Release|Any CPU.Build.0 = Release|Any CPU
	EndGlobalSection
	GlobalSection(SolutionProperties) = preSolution
		HideSolutionNode = FALSE
	EndGlobalSection
	GlobalSection(ExtensibilityGlobals) = postSolution
		SolutionGuid = {458F19CB-8F09-4FDA-A6EF-D07586636041}
	EndGlobalSection
EndGlobal
