
Microsoft Visual Studio Solution File, Format Version 12.00
# Visual Studio Version 17
VisualStudioVersion = 17.9.34622.214
MinimumVisualStudioVersion = 10.0.40219.1
Project("{FAE04EC0-301F-11D3-BF4B-00C04F79EFBC}") = "Generating-patterns", "Generating-patterns\Generating-patterns.csproj", "{AB4FFBAB-E7AD-42B2-9C2F-7E0C00E92001}"
EndProject
Global
	GlobalSection(SolutionConfigurationPlatforms) = preSolution
		Debug|Any CPU = Debug|Any CPU
		Release|Any CPU = Release|Any CPU
	EndGlobalSection
	GlobalSection(ProjectConfigurationPlatforms) = postSolution
		{AB4FFBAB-E7AD-42B2-9C2F-7E0C00E92001}.Debug|Any CPU.ActiveCfg = Debug|Any CPU
		{AB4FFBAB-E7AD-42B2-9C2F-7E0C00E92001}.Debug|Any CPU.Build.0 = Debug|Any CPU
		{AB4FFBAB-E7AD-42B2-9C2F-7E0C00E92001}.Release|Any CPU.ActiveCfg = Release|Any CPU
		{AB4FFBAB-E7AD-42B2-9C2F-7E0C00E92001}.Release|Any CPU.Build.0 = Release|Any CPU
	EndGlobalSection
	GlobalSection(SolutionProperties) = preSolution
		HideSolutionNode = FALSE
	EndGlobalSection
	GlobalSection(ExtensibilityGlobals) = postSolution
		SolutionGuid = {89BFC34F-C5ED-4C29-BDF1-D4D29A8C9175}
	EndGlobalSection
EndGlobal
